{
  "name": "project-party",
  "version": "0.0.0",
  "lockfileVersion": 1,
  "requires": true,
  "dependencies": {
    "@types/lodash": {
      "version": "4.14.106",
      "resolved": "https://registry.npmjs.org/@types/lodash/-/lodash-4.14.106.tgz",
      "integrity": "sha512-tOSvCVrvSqFZ4A/qrqqm6p37GZoawsZtoR0SJhlF7EonNZUgrn8FfT+RNQ11h+NUpMt6QVe36033f3qEKBwfWA=="
    },
    "@types/node": {
      "version": "10.3.2",
      "resolved": "https://registry.npmjs.org/@types/node/-/node-10.3.2.tgz",
      "integrity": "sha512-9NfEUDp3tgRhmoxzTpTo+lq+KIVFxZahuRX0LHF/9IzKHaWuoWsIrrJ61zw5cnnlGINX8lqJzXYfQTOICS5Q+A==",
      "dev": true
    },
    "@types/node-sass": {
      "version": "3.10.32",
      "resolved": "https://registry.npmjs.org/@types/node-sass/-/node-sass-3.10.32.tgz",
      "integrity": "sha1-spbM5xRP+rd7hAkMqtTx5Lvqjgk=",
      "dev": true,
      "requires": {
        "@types/node": "10.3.2"
      }
    },
    "@types/swiper": {
      "version": "4.2.0",
      "resolved": "https://registry.npmjs.org/@types/swiper/-/swiper-4.2.0.tgz",
      "integrity": "sha512-ILd+xcg+Ui+XOt0rxH3W0I0Z6kYgTaMDL1fbaVUMHphCyGuu3W0/jefxd9rgzOyOaMsxrDdWsRi0fBaZAkPCdA=="
    },
    "dom7": {
      "version": "2.0.6",
      "resolved": "https://registry.npmjs.org/dom7/-/dom7-2.0.6.tgz",
      "integrity": "sha512-Yv6DI8CCeET4H9KWNy809onsrylwcg5BL84ZMnTP88IYUEpK1FHTvAJkMq1y2K1qUSItPz/APRx1ZdpA26y5SQ==",
      "requires": {
        "ssr-window": "1.0.0"
      }
    },
    "ssr-window": {
      "version": "1.0.0",
      "resolved": "https://registry.npmjs.org/ssr-window/-/ssr-window-1.0.0.tgz",
      "integrity": "sha512-WHFyFLegz/NOgwdlFTw93Wd4c/gQ5hkv6amtdK/K0atfZvr28vwfEV7MR3NtWek+gnpiSd/tKXHQVfQRtA6OJg=="
    },
    "swiper": {
      "version": "4.3.3",
      "resolved": "https://registry.npmjs.org/swiper/-/swiper-4.3.3.tgz",
      "integrity": "sha512-hLjeei+E2EioFUBI4XzqUDkvZu9d6TAOWVFbrCXSrOhY9bzgXYC28dfMRHOs8IgU5WAZ7bbMR8lF706TzKf9nw==",
      "requires": {
        "dom7": "2.0.6",
        "ssr-window": "1.0.0"
      }
    }
  }
}
