{
  "name": "pbjd-www",
  "version": "0.0.0",
  "lockfileVersion": 1,
  "requires": true,
  "dependencies": {
    "@types/fastclick": {
      "version": "1.0.28",
      "resolved": "https://registry.npmjs.org/@types/fastclick/-/fastclick-1.0.28.tgz",
      "integrity": "sha1-20s/bweSNTJLJkM44in5zdmKbE4="
    },
    "@types/jquery": {
      "version": "3.3.1",
      "resolved": "https://registry.npmjs.org/@types/jquery/-/jquery-3.3.1.tgz",
      "integrity": "sha512-N3h+rzN518yl2xKrW0o6KKdNmWZ+OwG6SoM5TBEQFF0tTv5wXPEsoOuYQ2Kt3/89XbcSZUJLdjiT/2c3BR/ApQ=="
    },
    "@types/lodash": {
      "version": "4.14.106",
      "resolved": "https://registry.npmjs.org/@types/lodash/-/lodash-4.14.106.tgz",
      "integrity": "sha512-tOSvCVrvSqFZ4A/qrqqm6p37GZoawsZtoR0SJhlF7EonNZUgrn8FfT+RNQ11h+NUpMt6QVe36033f3qEKBwfWA=="
    },
    "@types/node": {
      "version": "10.3.2",
      "resolved": "https://registry.npmjs.org/@types/node/-/node-10.3.2.tgz",
      "integrity": "sha512-9NfEUDp3tgRhmoxzTpTo+lq+KIVFxZahuRX0LHF/9IzKHaWuoWsIrrJ61zw5cnnlGINX8lqJzXYfQTOICS5Q+A==",
      "dev": true
    },
    "@types/node-sass": {
      "version": "3.10.32",
      "resolved": "https://registry.npmjs.org/@types/node-sass/-/node-sass-3.10.32.tgz",
      "integrity": "sha1-spbM5xRP+rd7hAkMqtTx5Lvqjgk=",
      "dev": true,
      "requires": {
        "@types/node": "10.3.2"
      }
    },
    "@types/swiper": {
      "version": "4.2.0",
      "resolved": "https://registry.npmjs.org/@types/swiper/-/swiper-4.2.0.tgz",
      "integrity": "sha512-ILd+xcg+Ui+XOt0rxH3W0I0Z6kYgTaMDL1fbaVUMHphCyGuu3W0/jefxd9rgzOyOaMsxrDdWsRi0fBaZAkPCdA=="
    },
    "@types/vue-scrollto": {
      "version": "2.7.2",
      "resolved": "https://registry.npmjs.org/@types/vue-scrollto/-/vue-scrollto-2.7.2.tgz",
      "integrity": "sha512-l/jBnrGkpUI57MY93JRRIseku0Rv3H0r4W559QsoL3uHx2f9hLRQTO/dtgnP1rK9UxWTh0uTmTjr9UWIhiRBQg==",
      "requires": {
        "vue": "2.5.16"
      },
      "dependencies": {
        "vue": {
          "version": "2.5.16",
          "resolved": "https://registry.npmjs.org/vue/-/vue-2.5.16.tgz",
          "integrity": "sha512-/ffmsiVuPC8PsWcFkZngdpas19ABm5mh2wA7iDqcltyCTwlgZjHGeJYOXkBMo422iPwIcviOtrTCUpSfXmToLQ=="
        }
      }
    },
    "JSONStream": {
      "version": "1.3.2",
      "resolved": "https://registry.npmjs.org/JSONStream/-/JSONStream-1.3.2.tgz",
      "integrity": "sha1-wQI3G27Dp887hHygDCC7D85Mbeo=",
      "requires": {
        "jsonparse": "1.3.1",
        "through": "2.3.8"
      }
    },
    "adapter": {
      "version": "0.0.1",
      "resolved": "https://registry.npmjs.org/adapter/-/adapter-0.0.1.tgz",
      "integrity": "sha1-4NNoDmlx0Iyy/TN5b0PVQ7gkBg8=",
      "requires": {
        "data2xml": "0.5.0",
        "date-utils": "1.2.11",
        "iconv": "2.3.0",
        "join": "2.3.1",
        "log4js": "0.5.1",
        "memcached": "0.0.11",
        "node-uuid": "1.3.3",
        "nodemailer": "0.4.1",
        "pg": "0.8.1",
        "request": "2.12.0",
        "sync": "0.2.1",
        "xml2js": "0.1.14"
      }
    },
    "addressparser": {
      "version": "0.3.2",
      "resolved": "https://registry.npmjs.org/addressparser/-/addressparser-0.3.2.tgz",
      "integrity": "sha1-WYc/Nej89sc2HBAjkmHXbhU0i7I="
    },
    "after": {
      "version": "0.8.2",
      "resolved": "https://registry.npmjs.org/after/-/after-0.8.2.tgz",
      "integrity": "sha1-/ts5T58OAqqXaOcCvaI7UF+ufh8="
    },
    "arraybuffer.slice": {
      "version": "0.0.7",
      "resolved": "https://registry.npmjs.org/arraybuffer.slice/-/arraybuffer.slice-0.0.7.tgz",
      "integrity": "sha512-wGUIVQXuehL5TCqQun8OW81jGzAWycqzFF8lFp+GOM5BXLYj3bKNsYC4daB7n6XjCqxQA/qgTJ+8ANR3acjrog=="
    },
    "async": {
      "version": "0.1.15",
      "resolved": "https://registry.npmjs.org/async/-/async-0.1.15.tgz",
      "integrity": "sha1-IYDqyizypspSgNQcBYW+ybPkm9M="
    },
    "async-limiter": {
      "version": "1.0.0",
      "resolved": "https://registry.npmjs.org/async-limiter/-/async-limiter-1.0.0.tgz",
      "integrity": "sha512-jp/uFnooOiO+L211eZOoSyzpOITMXx1rBITauYykG3BRYPu8h0UcxsPNB04RR5vo4Tyz3+ay17tR6JVf9qzYWg=="
    },
    "async-validator": {
      "version": "1.8.2",
      "resolved": "https://registry.npmjs.org/async-validator/-/async-validator-1.8.2.tgz",
      "integrity": "sha1-t3WXIm6WJC+NUxwNRq4pX2JCK6Q=",
      "requires": {
        "babel-runtime": "6.26.0"
      }
    },
    "axios": {
      "version": "0.18.0",
      "resolved": "https://registry.npmjs.org/axios/-/axios-0.18.0.tgz",
      "integrity": "sha1-MtU+SFHv3AoRmTts0AB4nXDAUQI=",
      "requires": {
        "follow-redirects": "1.4.1",
        "is-buffer": "1.1.6"
      }
    },
    "babel-runtime": {
      "version": "6.26.0",
      "resolved": "https://registry.npmjs.org/babel-runtime/-/babel-runtime-6.26.0.tgz",
      "integrity": "sha1-llxwWGaOgrVde/4E/yM3vItWR/4=",
      "requires": {
        "core-js": "2.5.5",
        "regenerator-runtime": "0.11.1"
      }
    },
    "backo2": {
      "version": "1.0.2",
      "resolved": "https://registry.npmjs.org/backo2/-/backo2-1.0.2.tgz",
      "integrity": "sha1-MasayLEpNjRj41s+u2n038+6eUc="
    },
    "base64-arraybuffer": {
      "version": "0.1.5",
      "resolved": "https://registry.npmjs.org/base64-arraybuffer/-/base64-arraybuffer-0.1.5.tgz",
      "integrity": "sha1-c5JncZI7Whl0etZmqlzUv5xunOg="
    },
    "batch-processor": {
      "version": "1.0.0",
      "resolved": "https://registry.npmjs.org/batch-processor/-/batch-processor-1.0.0.tgz",
      "integrity": "sha1-dclcMrdI4IUNEMKxaPa9vpiRrOg="
    },
    "better-assert": {
      "version": "1.0.2",
      "resolved": "https://registry.npmjs.org/better-assert/-/better-assert-1.0.2.tgz",
      "integrity": "sha1-QIZrnhueC1W0gYlDEeaPr/rrxSI=",
      "requires": {
        "callsite": "1.0.0"
      }
    },
    "bezier-easing": {
      "version": "2.1.0",
      "resolved": "https://registry.npmjs.org/bezier-easing/-/bezier-easing-2.1.0.tgz",
      "integrity": "sha1-wE3+i5JtbsrKGBPWn/F5t8ICXYY="
    },
    "bisection": {
      "version": "0.0.3",
      "resolved": "https://registry.npmjs.org/bisection/-/bisection-0.0.3.tgz",
      "integrity": "sha1-mJHVBthux9UJEMUVe7WS27A/M9s="
    },
    "blob": {
      "version": "0.0.4",
      "resolved": "https://registry.npmjs.org/blob/-/blob-0.0.4.tgz",
      "integrity": "sha1-vPEwUspURj8w+fx+lbmkdjCpSSE="
    },
    "bootstrap-sass": {
      "version": "3.3.7",
      "resolved": "https://registry.npmjs.org/bootstrap-sass/-/bootstrap-sass-3.3.7.tgz",
      "integrity": "sha1-ZZbHq0D2Y3OTMjqwvIDQZPxjBJg="
    },
    "buefy": {
      "version": "0.6.6",
      "resolved": "https://registry.npmjs.org/buefy/-/buefy-0.6.6.tgz",
      "integrity": "sha512-uXb6vlsQDFsm8llawdm5trrlFExyip+G8UKQb+UPUEWwYx8yvWUsMKdErlu6w6QIk5VPGvdS5xVDO9BL1mcKyg==",
      "requires": {
        "bulma": "0.7.1"
      }
    },
    "buffer-from": {
      "version": "1.0.0",
      "resolved": "https://registry.npmjs.org/buffer-from/-/buffer-from-1.0.0.tgz",
      "integrity": "sha512-83apNb8KK0Se60UE1+4Ukbe3HbfELJ6UlI4ldtOGs7So4KD26orJM8hIY9lxdzP+UpItH1Yh/Y8GUvNFWFFRxA=="
    },
    "bulma": {
      "version": "0.7.1",
      "resolved": "https://registry.npmjs.org/bulma/-/bulma-0.7.1.tgz",
      "integrity": "sha512-wRSO2LXB+qI9Pyz2id+uZr4quz5aftSN7Ay1ysr1+krzVp3utD+Ci4CeKuZdrYGc800t65b7heXBL6qw2Wo/lQ=="
    },
    "callsite": {
      "version": "1.0.0",
      "resolved": "https://registry.npmjs.org/callsite/-/callsite-1.0.0.tgz",
      "integrity": "sha1-KAOY5dZkvXQDi28JBRU+borxvCA="
    },
    "component-bind": {
      "version": "1.0.0",
      "resolved": "https://registry.npmjs.org/component-bind/-/component-bind-1.0.0.tgz",
      "integrity": "sha1-AMYIq33Nk4l8AAllGx06jh5zu9E="
    },
    "component-emitter": {
      "version": "1.2.1",
      "resolved": "https://registry.npmjs.org/component-emitter/-/component-emitter-1.2.1.tgz",
      "integrity": "sha1-E3kY1teCg/ffemt8WmPhQOaUJeY="
    },
    "component-inherit": {
      "version": "0.0.3",
      "resolved": "https://registry.npmjs.org/component-inherit/-/component-inherit-0.0.3.tgz",
      "integrity": "sha1-ZF/ErfWLcrZJ1crmUTVhnbJv8UM="
    },
    "concat-stream": {
      "version": "1.6.2",
      "resolved": "https://registry.npmjs.org/concat-stream/-/concat-stream-1.6.2.tgz",
      "integrity": "sha512-27HBghJxjiZtIk3Ycvn/4kbJk/1uZuJFfuPEns6LaEvpvG1f0hTea8lilrouyo9mVc2GWdcEZ8OLoGmSADlrCw==",
      "requires": {
        "buffer-from": "1.0.0",
        "inherits": "2.0.3",
        "readable-stream": "2.3.6",
        "typedarray": "0.0.6"
      }
    },
    "core-js": {
      "version": "2.5.5",
      "resolved": "https://registry.npmjs.org/core-js/-/core-js-2.5.5.tgz",
      "integrity": "sha1-sU3ek2xkDAV5prUMq8wTLdYSfjs="
    },
    "core-util-is": {
      "version": "1.0.2",
      "resolved": "https://registry.npmjs.org/core-util-is/-/core-util-is-1.0.2.tgz",
      "integrity": "sha1-tf1UIgqivFq1eqtxQMlAdUUDwac="
    },
    "data2xml": {
      "version": "0.5.0",
      "resolved": "https://registry.npmjs.org/data2xml/-/data2xml-0.5.0.tgz",
      "integrity": "sha1-UAeyHn9/UC1dV4eRhOY/MMEvz2M="
    },
    "date-utils": {
      "version": "1.2.11",
      "resolved": "https://registry.npmjs.org/date-utils/-/date-utils-1.2.11.tgz",
      "integrity": "sha1-TECphV2tOSQgBP3zHRf3JdeWkEE="
    },
    "debug": {
      "version": "3.1.0",
      "resolved": "https://registry.npmjs.org/debug/-/debug-3.1.0.tgz",
      "integrity": "sha512-OX8XqP7/1a9cqkxYw2yXss15f26NKWBpDXQd0/uK/KPqdQhxbPa994hnzjcE2VqQpDslf55723cKPUOGSmMY3g==",
      "requires": {
        "ms": "2.0.0"
      }
    },
    "deepmerge": {
      "version": "2.1.0",
      "resolved": "https://registry.npmjs.org/deepmerge/-/deepmerge-2.1.0.tgz",
      "integrity": "sha512-Q89Z26KAfA3lpPGhbF6XMfYAm3jIV3avViy6KOJ2JLzFbeWHOvPQUu5aSJIWXap3gDZC2y1eF5HXEPI2wGqgvw=="
    },
    "dom7": {
      "version": "2.0.6",
      "resolved": "https://registry.npmjs.org/dom7/-/dom7-2.0.6.tgz",
      "integrity": "sha512-Yv6DI8CCeET4H9KWNy809onsrylwcg5BL84ZMnTP88IYUEpK1FHTvAJkMq1y2K1qUSItPz/APRx1ZdpA26y5SQ==",
      "requires": {
        "ssr-window": "1.0.0"
      }
    },
    "element-resize-detector": {
      "version": "1.1.14",
      "resolved": "https://registry.npmjs.org/element-resize-detector/-/element-resize-detector-1.1.14.tgz",
      "integrity": "sha1-rwZKCmGKggrVcKlcXuxbd74BKME=",
      "requires": {
        "batch-processor": "1.0.0"
      }
    },
    "encoding": {
      "version": "0.1.12",
      "resolved": "https://registry.npmjs.org/encoding/-/encoding-0.1.12.tgz",
      "integrity": "sha1-U4tm8+5izRq1HsMjgp0flIDHS+s=",
      "requires": {
        "iconv-lite": "0.4.21"
      }
    },
    "engine.io-client": {
      "version": "3.2.1",
      "resolved": "https://registry.npmjs.org/engine.io-client/-/engine.io-client-3.2.1.tgz",
      "integrity": "sha512-y5AbkytWeM4jQr7m/koQLc5AxpRKC1hEVUb/s1FUAWEJq5AzJJ4NLvzuKPuxtDi5Mq755WuDvZ6Iv2rXj4PTzw==",
      "requires": {
        "component-emitter": "1.2.1",
        "component-inherit": "0.0.3",
        "debug": "3.1.0",
        "engine.io-parser": "2.1.2",
        "has-cors": "1.1.0",
        "indexof": "0.0.1",
        "parseqs": "0.0.5",
        "parseuri": "0.0.5",
        "ws": "3.3.3",
        "xmlhttprequest-ssl": "1.5.5",
        "yeast": "0.1.2"
      }
    },
    "engine.io-parser": {
      "version": "2.1.2",
      "resolved": "https://registry.npmjs.org/engine.io-parser/-/engine.io-parser-2.1.2.tgz",
      "integrity": "sha512-dInLFzr80RijZ1rGpx1+56/uFoH7/7InhH3kZt+Ms6hT8tNx3NGW/WNSA/f8As1WkOfkuyb3tnRyuXGxusclMw==",
      "requires": {
        "after": "0.8.2",
        "arraybuffer.slice": "0.0.7",
        "base64-arraybuffer": "0.1.5",
        "blob": "0.0.4",
        "has-binary2": "1.0.2"
      }
    },
    "fibers": {
      "version": "2.0.2",
      "resolved": "https://registry.npmjs.org/fibers/-/fibers-2.0.2.tgz",
      "integrity": "sha512-HfVRxhYG7C8Jl9FqtrlElMR2z/8YiLQVDKf67MLY25Ic+ILx3ecmklfT1v3u+7P5/4vEFjuxaAFXhr2/Afwk5g=="
    },
    "follow-redirects": {
      "version": "1.4.1",
      "resolved": "https://registry.npmjs.org/follow-redirects/-/follow-redirects-1.4.1.tgz",
      "integrity": "sha512-uxYePVPogtya1ktGnAAXOacnbIuRMB4dkvqeNz2qTtTQsuzSfbDolV+wMMKxAmCx0bLgAKLbBOkjItMbbkR1vg==",
      "requires": {
        "debug": "3.1.0"
      }
    },
    "future": {
      "version": "2.3.1",
      "resolved": "https://registry.npmjs.org/future/-/future-2.3.1.tgz",
      "integrity": "sha1-LTJ+BhHdVvrHES0FfHmcSF7CO+k="
    },
    "generic-pool": {
      "version": "1.0.9",
      "resolved": "https://registry.npmjs.org/generic-pool/-/generic-pool-1.0.9.tgz",
      "integrity": "sha1-BPrF0qghNKKN8dgQIcmE4CYjWkE="
    },
    "geojson-stream": {
      "version": "0.0.1",
      "resolved": "https://registry.npmjs.org/geojson-stream/-/geojson-stream-0.0.1.tgz",
      "integrity": "sha1-Gh1hcWcEHHMCpFRwMYFkaZdhUC8=",
      "requires": {
        "JSONStream": "1.3.2",
        "through": "2.3.8"
      }
    },
    "geojson2svg": {
      "version": "1.2.3",
      "resolved": "https://registry.npmjs.org/geojson2svg/-/geojson2svg-1.2.3.tgz",
      "integrity": "sha1-3CY4So+uwEcignLpf6/PU5wOE/M=",
      "requires": {
        "multigeojson": "0.0.1"
      }
    },
    "has-binary2": {
      "version": "1.0.2",
      "resolved": "https://registry.npmjs.org/has-binary2/-/has-binary2-1.0.2.tgz",
      "integrity": "sha1-6D26SfC5vk0CbSc2U1DZ8D9Uvpg=",
      "requires": {
        "isarray": "2.0.1"
      },
      "dependencies": {
        "isarray": {
          "version": "2.0.1",
          "resolved": "https://registry.npmjs.org/isarray/-/isarray-2.0.1.tgz",
          "integrity": "sha1-o32U7ZzaLVmGXJ92/llu4fM4dB4="
        }
      }
    },
    "has-cors": {
      "version": "1.1.0",
      "resolved": "https://registry.npmjs.org/has-cors/-/has-cors-1.1.0.tgz",
      "integrity": "sha1-XkdHk/fqmEPRu5nCPu9J/xJv/zk="
    },
    "hashring": {
      "version": "0.0.8",
      "resolved": "https://registry.npmjs.org/hashring/-/hashring-0.0.8.tgz",
      "integrity": "sha1-IDqxPDZBGfEBBlJtLq971CtITDE=",
      "requires": {
        "bisection": "0.0.3",
        "simple-lru-cache": "0.0.2"
      }
    },
    "iconv": {
      "version": "2.3.0",
      "resolved": "https://registry.npmjs.org/iconv/-/iconv-2.3.0.tgz",
      "integrity": "sha512-eu9senpOZ7wzNweLX09jtrCdmEiie8Z5/iMxdIq3i7tkgg562EwKSU9yjXMz8ncaQ0B+845vbqAz+1kPFXzbtQ==",
      "requires": {
        "nan": "2.10.0"
      }
    },
    "iconv-lite": {
      "version": "0.4.21",
      "resolved": "https://registry.npmjs.org/iconv-lite/-/iconv-lite-0.4.21.tgz",
      "integrity": "sha512-En5V9za5mBt2oUA03WGD3TwDv0MKAruqsuxstbMUZaj9W9k/m1CV/9py3l0L5kw9Bln8fdHQmzHSYtvpvTLpKw==",
      "requires": {
        "safer-buffer": "2.1.2"
      }
    },
    "indexof": {
      "version": "0.0.1",
      "resolved": "https://registry.npmjs.org/indexof/-/indexof-0.0.1.tgz",
      "integrity": "sha1-gtwzbSMrkGIXnQWrMpOmYFn9Q10="
    },
    "inherits": {
      "version": "2.0.3",
      "resolved": "https://registry.npmjs.org/inherits/-/inherits-2.0.3.tgz",
      "integrity": "sha1-Yzwsg+PaQqUC9SRmAiSA9CCCYd4="
    },
    "is-buffer": {
      "version": "1.1.6",
      "resolved": "https://registry.npmjs.org/is-buffer/-/is-buffer-1.1.6.tgz",
      "integrity": "sha512-NcdALwpXkTm5Zvvbk7owOUSvVvBKDgKP5/ewfXEznmQFfs4ZRmanOeKBTjRVjka3QFoN6XJ+9F3USqfHqTaU5w=="
    },
    "isarray": {
      "version": "1.0.0",
      "resolved": "https://registry.npmjs.org/isarray/-/isarray-1.0.0.tgz",
      "integrity": "sha1-u5NdSFgsuhaMBoNJV6VKPgcSTxE="
    },
    "iview": {
      "version": "2.14.2",
      "resolved": "https://registry.npmjs.org/iview/-/iview-2.14.2.tgz",
      "integrity": "sha512-j/O9Wk+/EUiOx196BAlop3F6JaMIvx36PYb5zZhjAdveAR9tMx70x1fwK+67coXqe5DPFDqDmtPXJ8ncC4zxpA==",
      "requires": {
        "async-validator": "1.8.2",
        "deepmerge": "2.1.0",
        "element-resize-detector": "1.1.14",
        "js-calendar": "1.2.3",
        "lodash.throttle": "4.1.1",
        "popper.js": "1.14.3",
        "tinycolor2": "1.4.1",
        "v-click-outside-x": "3.0.1"
      }
    },
    "join": {
      "version": "2.3.1",
      "resolved": "https://registry.npmjs.org/join/-/join-2.3.1.tgz",
      "integrity": "sha1-o9/IMDyG4NgF2YKD1MCNjWSeQgo=",
      "requires": {
        "future": "2.3.1"
      }
    },
    "jquery": {
      "version": "3.3.1",
      "resolved": "https://registry.npmjs.org/jquery/-/jquery-3.3.1.tgz",
      "integrity": "sha512-Ubldcmxp5np52/ENotGxlLe6aGMvmF4R8S6tZjsP6Knsaxd/xp3Zrh50cG93lR6nPXyUFwzN3ZSOQI0wRJNdGg=="
    },
    "js-calendar": {
      "version": "1.2.3",
      "resolved": "https://registry.npmjs.org/js-calendar/-/js-calendar-1.2.3.tgz",
      "integrity": "sha512-dAA1/Zbp4+c5E+ARCVTIuKepXsNLzSYfzvOimiYD4S5eeP9QuplSHLcdhfqFSwyM1o1u6ku6RRRCyaZ0YAjiBw=="
    },
    "jsonparse": {
      "version": "1.3.1",
      "resolved": "https://registry.npmjs.org/jsonparse/-/jsonparse-1.3.1.tgz",
      "integrity": "sha1-P02uSpH6wxX3EGL4UhzCOfE2YoA="
    },
    "leaflet": {
      "version": "1.3.1",
      "resolved": "https://registry.npmjs.org/leaflet/-/leaflet-1.3.1.tgz",
      "integrity": "sha512-adQOIzh+bfdridLM1xIgJ9VnJbAUY3wqs/ueF+ITla+PLQ1z47USdBKUf+iD9FuUA8RtlT6j6hZBfZoA6mW+XQ=="
    },
    "lodash": {
      "version": "4.17.10",
      "resolved": "https://registry.npmjs.org/lodash/-/lodash-4.17.10.tgz",
      "integrity": "sha512-UejweD1pDoXu+AD825lWwp4ZGtSwgnpZxb3JDViD7StjQz+Nb/6l093lx4OQ0foGWNRoc19mWy7BzL+UAK2iVg=="
    },
    "lodash.throttle": {
      "version": "4.1.1",
      "resolved": "https://registry.npmjs.org/lodash.throttle/-/lodash.throttle-4.1.1.tgz",
      "integrity": "sha1-wj6RtxAkKscMN/HhzaknTMOb8vQ="
    },
    "log4js": {
      "version": "0.5.1",
      "resolved": "https://registry.npmjs.org/log4js/-/log4js-0.5.1.tgz",
      "integrity": "sha1-EHtUlD5t993c9bb+p5h9mAommOw=",
      "requires": {
        "async": "0.1.15"
      }
    },
    "mailcomposer": {
      "version": "0.1.34",
      "resolved": "https://registry.npmjs.org/mailcomposer/-/mailcomposer-0.1.34.tgz",
      "integrity": "sha1-a9X6QrVAR4kNKuMhiImuxvJOxQA=",
      "requires": {
        "mime": "1.2.9",
        "mimelib": "0.2.19"
      }
    },
    "memcached": {
      "version": "0.0.11",
      "resolved": "https://registry.npmjs.org/memcached/-/memcached-0.0.11.tgz",
      "integrity": "sha1-3URAcuMX/gvpiEa/vNpv+V3btDQ=",
      "requires": {
        "hashring": "0.0.8"
      }
    },
    "mgrs": {
      "version": "1.0.0",
      "resolved": "https://registry.npmjs.org/mgrs/-/mgrs-1.0.0.tgz",
      "integrity": "sha1-+5FYjnjJACVnI5XLQLJffNatGCk="
    },
    "mime": {
      "version": "1.2.9",
      "resolved": "https://registry.npmjs.org/mime/-/mime-1.2.9.tgz",
      "integrity": "sha1-AJzUCGe9Nd5SGzuWbwTi+NTRPQk="
    },
    "mimelib": {
      "version": "0.2.19",
      "resolved": "https://registry.npmjs.org/mimelib/-/mimelib-0.2.19.tgz",
      "integrity": "sha1-N+yQpqx9AJVIUdCywxYY8KSdoO4=",
      "requires": {
        "addressparser": "0.3.2",
        "encoding": "0.1.12"
      }
    },
    "minimist": {
      "version": "1.2.0",
      "resolved": "https://registry.npmjs.org/minimist/-/minimist-1.2.0.tgz",
      "integrity": "sha1-o1AIsg9BOD7sH7kU9M1d95omQoQ="
    },
    "moment": {
      "version": "2.22.2",
      "resolved": "https://registry.npmjs.org/moment/-/moment-2.22.2.tgz",
      "integrity": "sha1-PCV/mDn8DpP/UxSWMiOeuQeD/2Y="
    },
    "ms": {
      "version": "2.0.0",
      "resolved": "https://registry.npmjs.org/ms/-/ms-2.0.0.tgz",
      "integrity": "sha1-VgiurfwAvmwpAd9fmGF4jeDVl8g="
    },
    "multigeojson": {
      "version": "0.0.1",
      "resolved": "https://registry.npmjs.org/multigeojson/-/multigeojson-0.0.1.tgz",
      "integrity": "sha1-8kBKgLbuWpZCq7F9sBqefxgJ7z4="
    },
    "nan": {
      "version": "2.10.0",
      "resolved": "https://registry.npmjs.org/nan/-/nan-2.10.0.tgz",
      "integrity": "sha512-bAdJv7fBLhWC+/Bls0Oza+mvTaNQtP+1RyhhhvD95pgUJz6XM5IzgmxOkItJ9tkoCiplvAnXI1tNmmUD/eScyA=="
    },
    "node-uuid": {
      "version": "1.3.3",
      "resolved": "https://registry.npmjs.org/node-uuid/-/node-uuid-1.3.3.tgz",
      "integrity": "sha1-09tNe1aBDZ5AMjQnZigq8HORcps="
    },
    "nodemailer": {
      "version": "0.4.1",
      "resolved": "https://registry.npmjs.org/nodemailer/-/nodemailer-0.4.1.tgz",
      "integrity": "sha1-6dYuinH8ZMCv9VZ1f56KNAi23eg=",
      "requires": {
        "mailcomposer": "0.1.34",
        "simplesmtp": "0.2.7"
      }
    },
    "normalize.css": {
      "version": "8.0.0",
      "resolved": "https://registry.npmjs.org/normalize.css/-/normalize.css-8.0.0.tgz",
      "integrity": "sha512-iXcbM3NWr0XkNyfiSBsoPezi+0V92P9nj84yVV1/UZxRUrGczgX/X91KMAGM0omWLY2+2Q1gKD/XRn4gQRDB2A=="
    },
    "object-assign": {
      "version": "4.1.1",
      "resolved": "https://registry.npmjs.org/object-assign/-/object-assign-4.1.1.tgz",
      "integrity": "sha1-IQmtx5ZYh8/AXLvUQsrIv7s2CGM="
    },
    "object-component": {
      "version": "0.0.3",
      "resolved": "https://registry.npmjs.org/object-component/-/object-component-0.0.3.tgz",
      "integrity": "sha1-8MaapQ78lbhmwYb0AKM3acsvEpE="
    },
    "parseqs": {
      "version": "0.0.5",
      "resolved": "https://registry.npmjs.org/parseqs/-/parseqs-0.0.5.tgz",
      "integrity": "sha1-1SCKNzjkZ2bikbouoXNoSSGouJ0=",
      "requires": {
        "better-assert": "1.0.2"
      }
    },
    "parseuri": {
      "version": "0.0.5",
      "resolved": "https://registry.npmjs.org/parseuri/-/parseuri-0.0.5.tgz",
      "integrity": "sha1-gCBKUNTbt3m/3G6+J3jZDkvOMgo=",
      "requires": {
        "better-assert": "1.0.2"
      }
    },
    "pg": {
      "version": "0.8.1",
      "resolved": "https://registry.npmjs.org/pg/-/pg-0.8.1.tgz",
      "integrity": "sha1-NftlC9lkQX27LXv87sTuqda5xu8=",
      "requires": {
        "generic-pool": "1.0.9"
      }
    },
    "popper.js": {
      "version": "1.14.3",
      "resolved": "https://registry.npmjs.org/popper.js/-/popper.js-1.14.3.tgz",
      "integrity": "sha1-FDj5jQRqz3tNeM1QK/QYrGTU8JU="
    },
    "process-nextick-args": {
      "version": "2.0.0",
      "resolved": "https://registry.npmjs.org/process-nextick-args/-/process-nextick-args-2.0.0.tgz",
      "integrity": "sha512-MtEC1TqN0EU5nephaJ4rAtThHtC86dNN9qCuEhtshvpVBkAW5ZO7BASN9REnF9eoXGcRub+pFuKEpOHE+HbEMw=="
    },
    "proj4": {
      "version": "2.4.4",
      "resolved": "https://registry.npmjs.org/proj4/-/proj4-2.4.4.tgz",
      "integrity": "sha512-yo6qTpBQXnxhcPopKJeVwwOBRzUpEa3vzSFlr38f5mF4Jnfb6NOL/ePIomefWiZmPgkUblHpcwnWVMB8FS3GKw==",
      "requires": {
        "mgrs": "1.0.0",
        "wkt-parser": "1.2.1"
      }
    },
    "rai": {
      "version": "0.1.12",
      "resolved": "https://registry.npmjs.org/rai/-/rai-0.1.12.tgz",
      "integrity": "sha1-jM/QFND5YIYw3XPBm45LBXdUpqY="
    },
    "readable-stream": {
      "version": "2.3.6",
      "resolved": "https://registry.npmjs.org/readable-stream/-/readable-stream-2.3.6.tgz",
      "integrity": "sha512-tQtKA9WIAhBF3+VLAseyMqZeBjW0AHJoxOtYqSUZNJxauErmLbVm2FW1y+J/YA9dUrAC39ITejlZWhVIwawkKw==",
      "requires": {
        "core-util-is": "1.0.2",
        "inherits": "2.0.3",
        "isarray": "1.0.0",
        "process-nextick-args": "2.0.0",
        "safe-buffer": "5.1.1",
        "string_decoder": "1.1.1",
        "util-deprecate": "1.0.2"
      }
    },
    "regenerator-runtime": {
      "version": "0.11.1",
      "resolved": "https://registry.npmjs.org/regenerator-runtime/-/regenerator-runtime-0.11.1.tgz",
      "integrity": "sha512-MguG95oij0fC3QV3URf4V2SDYGJhJnJGqvIIgdECeODCT98wSWDAJ94SSuVpYQUoTcGUIL6L4yNB7j1DFFHSBg=="
    },
    "reproject": {
      "version": "1.2.1",
      "resolved": "https://registry.npmjs.org/reproject/-/reproject-1.2.1.tgz",
      "integrity": "sha512-Ydw87MxsObub7HTK7hvop2SaKnL5yJlS6MQOYu/s1awLBe/hqHwuOBbiG/6tyv7EjZXM8xLyhu+ibi1YlKzmWA==",
      "requires": {
        "concat-stream": "1.6.2",
        "geojson-stream": "0.0.1",
        "minimist": "1.2.0",
        "proj4": "2.4.4"
      }
    },
    "request": {
      "version": "2.12.0",
      "resolved": "https://registry.npmjs.org/request/-/request-2.12.0.tgz",
      "integrity": "sha1-EfRvILPQ9ISMY4OZHIB5CvFsjkg=",
      "requires": {
        "form-data": "0.0.3",
        "mime": "1.2.7"
      },
      "dependencies": {
        "form-data": {
          "version": "0.0.3",
          "bundled": true,
          "requires": {
            "async": "0.1.9",
            "combined-stream": "0.0.3",
            "mime": "1.2.7"
          },
          "dependencies": {
            "async": {
              "version": "0.1.9",
              "bundled": true
            },
            "combined-stream": {
              "version": "0.0.3",
              "bundled": true,
              "requires": {
                "delayed-stream": "0.0.5"
              },
              "dependencies": {
                "delayed-stream": {
                  "version": "0.0.5",
                  "bundled": true
                }
              }
            }
          }
        },
        "mime": {
          "version": "1.2.7",
          "bundled": true
        }
      }
    },
    "rtcpeerconnection-shim": {
      "version": "1.2.11",
      "resolved": "https://registry.npmjs.org/rtcpeerconnection-shim/-/rtcpeerconnection-shim-1.2.11.tgz",
      "integrity": "sha512-Vns4aLKXTrLZCjDOlPZL1nymFiSpqs15TeF+wG1TSLO1kXRrCuT5SjL+Zb8RCP7t3JNfnCuTn+qMlCGQu5NvhQ==",
      "requires": {
        "sdp": "2.7.4"
      }
    },
    "safe-buffer": {
      "version": "5.1.1",
      "resolved": "https://registry.npmjs.org/safe-buffer/-/safe-buffer-5.1.1.tgz",
      "integrity": "sha512-kKvNJn6Mm93gAczWVJg7wH+wGYWNrDHdWvpUmHyEsgCtIwwo3bqPtV4tR5tuPaUhTOo/kvhVwd8XwwOllGYkbg=="
    },
    "safer-buffer": {
      "version": "2.1.2",
      "resolved": "https://registry.npmjs.org/safer-buffer/-/safer-buffer-2.1.2.tgz",
      "integrity": "sha512-YZo3K82SD7Riyi0E1EQPojLz7kpepnSQI9IyPbHHg1XXXevb5dJI7tpyN2ADxGcQbHG7vcyRHk0cbwqcQriUtg=="
    },
    "sax": {
      "version": "1.2.4",
      "resolved": "https://registry.npmjs.org/sax/-/sax-1.2.4.tgz",
      "integrity": "sha512-NqVDv9TpANUjFm0N8uM5GxL36UgKi9/atZw+x7YFnQ8ckwFGKrl4xX4yWtrey3UJm5nP1kUbnYgLopqWNSRhWw=="
    },
    "sdp": {
      "version": "2.7.4",
      "resolved": "https://registry.npmjs.org/sdp/-/sdp-2.7.4.tgz",
      "integrity": "sha512-0+wTfgvUUEGcvvFoHIC0aiGbx6gzwAUm8FkKt5Oqqkjf9mEEDLgwnoDKX7MYTGXrNNwzikVbutJ+OVNAGmJBQw=="
    },
    "simple-lru-cache": {
      "version": "0.0.2",
      "resolved": "https://registry.npmjs.org/simple-lru-cache/-/simple-lru-cache-0.0.2.tgz",
      "integrity": "sha1-1ZzDoZPBpdAyD4Tucy9uRxPlEd0="
    },
    "simplesmtp": {
      "version": "0.2.7",
      "resolved": "https://registry.npmjs.org/simplesmtp/-/simplesmtp-0.2.7.tgz",
      "integrity": "sha1-KJoLvB6TDAtEAKNonmZ4KosFpLs=",
      "requires": {
        "rai": "0.1.12",
        "xoauth2": "0.1.8"
      }
    },
    "socket.io-client": {
      "version": "2.1.1",
      "resolved": "https://registry.npmjs.org/socket.io-client/-/socket.io-client-2.1.1.tgz",
      "integrity": "sha512-jxnFyhAuFxYfjqIgduQlhzqTcOEQSn+OHKVfAxWaNWa7ecP7xSNk2Dx/3UEsDcY7NcFafxvNvKPmmO7HTwTxGQ==",
      "requires": {
        "backo2": "1.0.2",
        "base64-arraybuffer": "0.1.5",
        "component-bind": "1.0.0",
        "component-emitter": "1.2.1",
        "debug": "3.1.0",
        "engine.io-client": "3.2.1",
        "has-binary2": "1.0.2",
        "has-cors": "1.1.0",
        "indexof": "0.0.1",
        "object-component": "0.0.3",
        "parseqs": "0.0.5",
        "parseuri": "0.0.5",
        "socket.io-parser": "3.2.0",
        "to-array": "0.1.4"
      }
    },
    "socket.io-parser": {
      "version": "3.2.0",
      "resolved": "https://registry.npmjs.org/socket.io-parser/-/socket.io-parser-3.2.0.tgz",
      "integrity": "sha512-FYiBx7rc/KORMJlgsXysflWx/RIvtqZbyGLlHZvjfmPTPeuD/I8MaW7cfFrj5tRltICJdgwflhfZ3NVVbVLFQA==",
      "requires": {
        "component-emitter": "1.2.1",
        "debug": "3.1.0",
        "isarray": "2.0.1"
      },
      "dependencies": {
        "isarray": {
          "version": "2.0.1",
          "resolved": "https://registry.npmjs.org/isarray/-/isarray-2.0.1.tgz",
          "integrity": "sha1-o32U7ZzaLVmGXJ92/llu4fM4dB4="
        }
      }
    },
    "ssr-window": {
      "version": "1.0.0",
      "resolved": "https://registry.npmjs.org/ssr-window/-/ssr-window-1.0.0.tgz",
      "integrity": "sha512-WHFyFLegz/NOgwdlFTw93Wd4c/gQ5hkv6amtdK/K0atfZvr28vwfEV7MR3NtWek+gnpiSd/tKXHQVfQRtA6OJg=="
    },
    "string_decoder": {
      "version": "1.1.1",
      "resolved": "https://registry.npmjs.org/string_decoder/-/string_decoder-1.1.1.tgz",
      "integrity": "sha512-n/ShnvDi6FHbbVfviro+WojiFzv+s8MPMHBczVePfUpDJLwoLT0ht1l4YwBCbi8pJAveEEdnkHyPyTP/mzRfwg==",
      "requires": {
        "safe-buffer": "5.1.1"
      }
    },
    "swiper": {
      "version": "4.3.3",
      "resolved": "https://registry.npmjs.org/swiper/-/swiper-4.3.3.tgz",
      "integrity": "sha512-hLjeei+E2EioFUBI4XzqUDkvZu9d6TAOWVFbrCXSrOhY9bzgXYC28dfMRHOs8IgU5WAZ7bbMR8lF706TzKf9nw==",
      "requires": {
        "dom7": "2.0.6",
        "ssr-window": "1.0.0"
      }
    },
    "sync": {
      "version": "0.2.1",
      "resolved": "https://registry.npmjs.org/sync/-/sync-0.2.1.tgz",
      "integrity": "sha1-iRILcu+kd+nRwKUU/jpmj6BLxh0=",
      "requires": {
        "fibers": "2.0.2"
      }
    },
    "through": {
      "version": "2.3.8",
      "resolved": "https://registry.npmjs.org/through/-/through-2.3.8.tgz",
      "integrity": "sha1-DdTJ/6q8NXlgsbckEV1+Doai4fU="
    },
    "tinycolor2": {
      "version": "1.4.1",
      "resolved": "https://registry.npmjs.org/tinycolor2/-/tinycolor2-1.4.1.tgz",
      "integrity": "sha1-9PrTM0R7wLB9TcjpIJ2POaisd+g="
    },
    "to-array": {
      "version": "0.1.4",
      "resolved": "https://registry.npmjs.org/to-array/-/to-array-0.1.4.tgz",
      "integrity": "sha1-F+bBH3PdTz10zaek/zI46a2b+JA="
    },
    "typedarray": {
      "version": "0.0.6",
      "resolved": "https://registry.npmjs.org/typedarray/-/typedarray-0.0.6.tgz",
      "integrity": "sha1-hnrHTjhkGHsdPUfZlqeOxciDB3c="
    },
    "ultron": {
      "version": "1.1.1",
      "resolved": "https://registry.npmjs.org/ultron/-/ultron-1.1.1.tgz",
      "integrity": "sha512-UIEXBNeYmKptWH6z8ZnqTeS8fV74zG0/eRU9VGkpzz+LIJNs8W/zM/L+7ctCkRrgbNnnR0xxw4bKOr0cW0N0Og=="
    },
    "util-deprecate": {
      "version": "1.0.2",
      "resolved": "https://registry.npmjs.org/util-deprecate/-/util-deprecate-1.0.2.tgz",
      "integrity": "sha1-RQ1Nyfpw3nMnYvvS1KKJgUGaDM8="
    },
    "v-click-outside-x": {
      "version": "3.0.1",
      "resolved": "https://registry.npmjs.org/v-click-outside-x/-/v-click-outside-x-3.0.1.tgz",
      "integrity": "sha512-Dqy4XEoAPHP/qRzkB5EF+4/luo2G4feAKDrTpjdlsTB9PVHd6D7ryxVkmNsnhDdjOsJDBDcKRsZq8lD8YqbCjQ=="
    },
    "vue": {
      "version": "2.5.16",
      "resolved": "https://registry.npmjs.org/vue/-/vue-2.5.16.tgz",
      "integrity": "sha512-/ffmsiVuPC8PsWcFkZngdpas19ABm5mh2wA7iDqcltyCTwlgZjHGeJYOXkBMo422iPwIcviOtrTCUpSfXmToLQ=="
    },
    "vue-awesome-swiper": {
      "version": "3.1.3",
      "resolved": "https://registry.npmjs.org/vue-awesome-swiper/-/vue-awesome-swiper-3.1.3.tgz",
      "integrity": "sha512-E7suzkyApO8vNZbgdEnjSmnpsmQZyRvSVXJ7sey3XYwKPOkLhH3+GnHroBw+5PZIQXvWBwdCeQsPG1xQ1r1Rhg==",
      "requires": {
        "object-assign": "4.1.1",
        "swiper": "4.3.3"
      }
    },
    "vue-calendar-component": {
      "version": "2.6.0",
      "resolved": "https://registry.npmjs.org/vue-calendar-component/-/vue-calendar-component-2.6.0.tgz",
      "integrity": "sha512-sAzqHrMJhmPAalIbOBxaRM9r8P05rtAQyPCKDQmFaSVslTIg1mdzA1peLh4/Iy8wolPz6GFnsI81KBAorv9j9w=="
    },
    "vue-electron": {
      "version": "1.0.6",
      "resolved": "https://registry.npmjs.org/vue-electron/-/vue-electron-1.0.6.tgz",
      "integrity": "sha1-55jgMYC4kzU53v4x+S5TuSQrlAY="
    },
    "vue-router": {
      "version": "2.8.1",
      "resolved": "https://registry.npmjs.org/vue-router/-/vue-router-2.8.1.tgz",
      "integrity": "sha512-MC4jacHBhTPKtmcfzvaj2N7g6jgJ/Z/eIjZdt+yUaUOM1iKC0OUIlO/xCtz6OZFFTNUJs/1YNro2GN/lE+nOXA=="
    },
    "vue-scrollto": {
      "version": "2.11.0",
      "resolved": "https://registry.npmjs.org/vue-scrollto/-/vue-scrollto-2.11.0.tgz",
      "integrity": "sha512-kNR7YHjtJQyoIh5rdRjQw+Abk03DPhwKy8KXYlXmzbLn+0R5Oye//ktylK8un+CuhzUbt51HIHSQvZr7lFRK1A==",
      "requires": {
        "bezier-easing": "2.1.0"
      }
    },
    "vue-socket.io": {
      "version": "2.1.1-b",
      "resolved": "https://registry.npmjs.org/vue-socket.io/-/vue-socket.io-2.1.1-b.tgz",
      "integrity": "sha512-NPhzfVU1+niqC3LmLHkPIPXdyBQkKQF8u6rad8urwqvk2BqeENK4Cv5hp83p3UFoyhPFtZfEdfM5hjwxJZmqnQ==",
      "requires": {
        "socket.io-client": "2.1.1"
      }
    },
    "vue2-slot-calendar": {
      "version": "2.1.4",
      "resolved": "https://registry.npmjs.org/vue2-slot-calendar/-/vue2-slot-calendar-2.1.4.tgz",
      "integrity": "sha512-1OdHCXdC9YmB2EWIaQ1+Qr1hvz3YClzfQXjPhBCtdJUA58TC9kqTCPk2DgKTXZvbrfXpaKyxDFiZWNJM+KG7TQ=="
    },
    "vuex": {
      "version": "2.5.0",
      "resolved": "https://registry.npmjs.org/vuex/-/vuex-2.5.0.tgz",
      "integrity": "sha512-5oJPOJySBgSgSzoeO+gZB/BbN/XsapgIF6tz34UwJqnGZMQurzIO3B4KIBf862gfc9ya+oduY5sSkq+5/oOilQ=="
    },
    "webrtc-adapter": {
      "version": "6.2.1",
      "resolved": "https://registry.npmjs.org/webrtc-adapter/-/webrtc-adapter-6.2.1.tgz",
      "integrity": "sha1-TQ7aWS8n1fMojqiuEcEkWsFW1nY=",
      "requires": {
        "rtcpeerconnection-shim": "1.2.11",
        "sdp": "2.7.4"
      }
    },
    "wkt-parser": {
      "version": "1.2.1",
      "resolved": "https://registry.npmjs.org/wkt-parser/-/wkt-parser-1.2.1.tgz",
      "integrity": "sha512-c6iNYzlbWNXwtcZ+0DMy1AOSHxVKFPR4a8EBVOgVbDSeSEnz2gpicmXSnuql1tKgS67CY+ughyjprP8pckk5jg=="
    },
    "ws": {
      "version": "3.3.3",
      "resolved": "https://registry.npmjs.org/ws/-/ws-3.3.3.tgz",
      "integrity": "sha512-nnWLa/NwZSt4KQJu51MYlCcSQ5g7INpOrOMt4XV8j4dqTXdmlUmSHQ8/oLC069ckre0fRsgfvsKwbTdtKLCDkA==",
      "requires": {
        "async-limiter": "1.0.0",
        "safe-buffer": "5.1.1",
        "ultron": "1.1.1"
      }
    },
    "xml2js": {
      "version": "0.1.14",
      "resolved": "https://registry.npmjs.org/xml2js/-/xml2js-0.1.14.tgz",
      "integrity": "sha1-UnTmf1pkxfkpdM2FE54DMq3GuQw=",
      "requires": {
        "sax": "1.2.4"
      }
    },
    "xmlhttprequest-ssl": {
      "version": "1.5.5",
      "resolved": "https://registry.npmjs.org/xmlhttprequest-ssl/-/xmlhttprequest-ssl-1.5.5.tgz",
      "integrity": "sha1-wodrBhaKrcQOV9l+gRkayPQ5iz4="
    },
    "xoauth2": {
      "version": "0.1.8",
      "resolved": "https://registry.npmjs.org/xoauth2/-/xoauth2-0.1.8.tgz",
      "integrity": "sha1-uRb/EOz7VDIPFvJKPpdRIGU6sNI="
    },
    "yeast": {
      "version": "0.1.2",
      "resolved": "https://registry.npmjs.org/yeast/-/yeast-0.1.2.tgz",
      "integrity": "sha1-AI4G2AlDIMNy28L47XagymyKxBk="
    }
  }
}
